github.com/Jeffail/gabs v1.1.1 h1:V0uzR08Hj22EX8+8QMhyI9sX2hwRu+/RJhJUmnwda/E=
github.com/Jeffail/gabs v1.1.1/go.mod h1:6xMvQMK4k33lb7GUUpaAPh6nKMmemQeg5d4gn7/bOXc=
github.com/chuckpreslar/emission v0.0.0-20170206194824-a7ddd980baf9/go.mod h1:2wSM9zJkl1UQEFZgSd68NfCgRz1VL1jzy/RjCg+ULrs=
github.com/gofrs/uuid v3.1.0+incompatible/go.mod h1:b2aQJv3Z4Fp6yNu3cdSllBxTCLRxnplIgP/c0N/04lM=
github.com/sanity-io/litter v1.1.0 h1:BllcKWa3VbZmOZbDCoszYLk7zCsKHz5Beossi8SUcTc=
github.com/sanity-io/litter v1.1.0/go.mod h1:CJ0VCw2q4qKU7LaQr3n7UOSHzgEMgcGco7N/SkZQPjw=
github.com/satori/go.uuid v1.2.0 h1:0uYX9dsZ2yD7q2RtLRtPSdGDWzjeM3TbMJP9utgA0ww=
github.com/satori/go.uuid v1.2.0/go.mod h1:dA0hQrYB0VpLJoorglMZABFdXlWrHn1NEOzdhQKdks0=
